
Microsoft Visual Studio Solution File, Format Version 12.00
# Visual Studio 14
VisualStudioVersion = 14.0.25420.1
MinimumVisualStudioVersion = 10.0.40219.1
Project("{FAE04EC0-301F-11D3-BF4B-00C04F79EFBC}") = "ElliottProject5", "ElliottProject5\ElliottProject5.csproj", "{7FD7B815-275D-49BC-8CF6-39084F72061B}"
EndProject
Global
	GlobalSection(SolutionConfigurationPlatforms) = preSolution
		Debug|Any CPU = Debug|Any CPU
		Release|Any CPU = Release|Any CPU
	EndGlobalSection
	GlobalSection(ProjectConfigurationPlatforms) = postSolution
		{7FD7B815-275D-49BC-8CF6-39084F72061B}.Debug|Any CPU.ActiveCfg = Debug|Any CPU
		{7FD7B815-275D-49BC-8CF6-39084F72061B}.Debug|Any CPU.Build.0 = Debug|Any CPU
		{7FD7B815-275D-49BC-8CF6-39084F72061B}.Release|Any CPU.ActiveCfg = Release|Any CPU
		{7FD7B815-275D-49BC-8CF6-39084F72061B}.Release|Any CPU.Build.0 = Release|Any CPU
	EndGlobalSection
	GlobalSection(SolutionProperties) = preSolution
		HideSolutionNode = FALSE
	EndGlobalSection
EndGlobal
